
Microsoft Visual Studio Solution File, Format Version 12.00
# Visual Studio Version 16
VisualStudioVersion = 16.0.30523.141
MinimumVisualStudioVersion = 10.0.40219.1
Project("{9A19103F-16F7-4668-BE54-9A1E7A4F7556}") = "CrvService", "CrvService\CrvService.csproj", "{88066FF5-8723-47E2-9A79-20936D6DAF1C}"
EndProject
Project("{9A19103F-16F7-4668-BE54-9A1E7A4F7556}") = "CrvService.Logging", "CrvService.Logging\CrvService.Logging.csproj", "{D994E483-0CF1-462D-8F5E-A40EC0C18F76}"
EndProject
Project("{9A19103F-16F7-4668-BE54-9A1E7A4F7556}") = "CrvService.Configuration", "CrvService.Configuration\CrvService.Configuration.csproj", "{1815B7D6-8329-49E9-A610-F13E6FDEAFD1}"
EndProject
Project("{9A19103F-16F7-4668-BE54-9A1E7A4F7556}") = "CrvService.Shared", "CrvService.Contracts\CrvService.Shared.csproj", "{7AAF1EC2-3454-481C-BEDB-9796942E0963}"
EndProject
Project("{9A19103F-16F7-4668-BE54-9A1E7A4F7556}") = "CrvService.Shared.UnitTests", "CrvService.Shared.UnitTests\CrvService.Shared.UnitTests.csproj", "{53819643-80AE-422C-9992-16058C1B2D9E}"
EndProject
Project("{9A19103F-16F7-4668-BE54-9A1E7A4F7556}") = "CrvService.Shared.ConsoleTest", "CrvService.Shared.ConsoleTest\CrvService.Shared.ConsoleTest.csproj", "{C8C313D1-1601-4E17-9050-4D93D78E33F7}"
EndProject
Project("{9A19103F-16F7-4668-BE54-9A1E7A4F7556}") = "CrvService.Data", "CrvService.Data\CrvService.Data.csproj", "{BEC5ED69-5FAC-4ACB-A440-BD811673C10A}"
EndProject
Project("{9A19103F-16F7-4668-BE54-9A1E7A4F7556}") = "CrvService.ServerSide", "CrvService.ServerSide\CrvService.ServerSide.csproj", "{98D8AD40-B729-4196-8FAD-3258C8201A41}"
EndProject
Project("{FAE04EC0-301F-11D3-BF4B-00C04F79EFBC}") = "CrvService.Common", "CrvService.Common\CrvService.Common.csproj", "{EE75C644-66B0-4ED8-88EF-C68882EF41C1}"
EndProject
Global
	GlobalSection(SolutionConfigurationPlatforms) = preSolution
		Debug|Any CPU = Debug|Any CPU
		Release|Any CPU = Release|Any CPU
	EndGlobalSection
	GlobalSection(ProjectConfigurationPlatforms) = postSolution
		{88066FF5-8723-47E2-9A79-20936D6DAF1C}.Debug|Any CPU.ActiveCfg = Debug|Any CPU
		{88066FF5-8723-47E2-9A79-20936D6DAF1C}.Debug|Any CPU.Build.0 = Debug|Any CPU
		{88066FF5-8723-47E2-9A79-20936D6DAF1C}.Release|Any CPU.ActiveCfg = Release|Any CPU
		{88066FF5-8723-47E2-9A79-20936D6DAF1C}.Release|Any CPU.Build.0 = Release|Any CPU
		{D994E483-0CF1-462D-8F5E-A40EC0C18F76}.Debug|Any CPU.ActiveCfg = Debug|Any CPU
		{D994E483-0CF1-462D-8F5E-A40EC0C18F76}.Debug|Any CPU.Build.0 = Debug|Any CPU
		{D994E483-0CF1-462D-8F5E-A40EC0C18F76}.Release|Any CPU.ActiveCfg = Release|Any CPU
		{D994E483-0CF1-462D-8F5E-A40EC0C18F76}.Release|Any CPU.Build.0 = Release|Any CPU
		{1815B7D6-8329-49E9-A610-F13E6FDEAFD1}.Debug|Any CPU.ActiveCfg = Debug|Any CPU
		{1815B7D6-8329-49E9-A610-F13E6FDEAFD1}.Debug|Any CPU.Build.0 = Debug|Any CPU
		{1815B7D6-8329-49E9-A610-F13E6FDEAFD1}.Release|Any CPU.ActiveCfg = Release|Any CPU
		{1815B7D6-8329-49E9-A610-F13E6FDEAFD1}.Release|Any CPU.Build.0 = Release|Any CPU
		{7AAF1EC2-3454-481C-BEDB-9796942E0963}.Debug|Any CPU.ActiveCfg = Debug|Any CPU
		{7AAF1EC2-3454-481C-BEDB-9796942E0963}.Debug|Any CPU.Build.0 = Debug|Any CPU
		{7AAF1EC2-3454-481C-BEDB-9796942E0963}.Release|Any CPU.ActiveCfg = Release|Any CPU
		{7AAF1EC2-3454-481C-BEDB-9796942E0963}.Release|Any CPU.Build.0 = Release|Any CPU
		{53819643-80AE-422C-9992-16058C1B2D9E}.Debug|Any CPU.ActiveCfg = Debug|Any CPU
		{53819643-80AE-422C-9992-16058C1B2D9E}.Debug|Any CPU.Build.0 = Debug|Any CPU
		{53819643-80AE-422C-9992-16058C1B2D9E}.Release|Any CPU.ActiveCfg = Release|Any CPU
		{53819643-80AE-422C-9992-16058C1B2D9E}.Release|Any CPU.Build.0 = Release|Any CPU
		{C8C313D1-1601-4E17-9050-4D93D78E33F7}.Debug|Any CPU.ActiveCfg = Debug|Any CPU
		{C8C313D1-1601-4E17-9050-4D93D78E33F7}.Debug|Any CPU.Build.0 = Debug|Any CPU
		{C8C313D1-1601-4E17-9050-4D93D78E33F7}.Release|Any CPU.ActiveCfg = Release|Any CPU
		{C8C313D1-1601-4E17-9050-4D93D78E33F7}.Release|Any CPU.Build.0 = Release|Any CPU
		{BEC5ED69-5FAC-4ACB-A440-BD811673C10A}.Debug|Any CPU.ActiveCfg = Debug|Any CPU
		{BEC5ED69-5FAC-4ACB-A440-BD811673C10A}.Debug|Any CPU.Build.0 = Debug|Any CPU
		{BEC5ED69-5FAC-4ACB-A440-BD811673C10A}.Release|Any CPU.ActiveCfg = Release|Any CPU
		{BEC5ED69-5FAC-4ACB-A440-BD811673C10A}.Release|Any CPU.Build.0 = Release|Any CPU
		{98D8AD40-B729-4196-8FAD-3258C8201A41}.Debug|Any CPU.ActiveCfg = Debug|Any CPU
		{98D8AD40-B729-4196-8FAD-3258C8201A41}.Debug|Any CPU.Build.0 = Debug|Any CPU
		{98D8AD40-B729-4196-8FAD-3258C8201A41}.Release|Any CPU.ActiveCfg = Release|Any CPU
		{98D8AD40-B729-4196-8FAD-3258C8201A41}.Release|Any CPU.Build.0 = Release|Any CPU
		{EE75C644-66B0-4ED8-88EF-C68882EF41C1}.Debug|Any CPU.ActiveCfg = Debug|Any CPU
		{EE75C644-66B0-4ED8-88EF-C68882EF41C1}.Debug|Any CPU.Build.0 = Debug|Any CPU
		{EE75C644-66B0-4ED8-88EF-C68882EF41C1}.Release|Any CPU.ActiveCfg = Release|Any CPU
		{EE75C644-66B0-4ED8-88EF-C68882EF41C1}.Release|Any CPU.Build.0 = Release|Any CPU
	EndGlobalSection
	GlobalSection(SolutionProperties) = preSolution
		HideSolutionNode = FALSE
	EndGlobalSection
	GlobalSection(ExtensibilityGlobals) = postSolution
		SolutionGuid = {288163E6-712C-4BDC-9EC7-46B701797E2D}
	EndGlobalSection
EndGlobal
